
Microsoft Visual Studio Solution File, Format Version 12.00
# Visual Studio Version 16
VisualStudioVersion = 16.0.30104.148
MinimumVisualStudioVersion = 10.0.40219.1
Project("{FAE04EC0-301F-11D3-BF4B-00C04F79EFBC}") = "RequestAADRefreshToken", "RequestAADRefreshToken\RequestAADRefreshToken.csproj", "{1605B444-9D6C-44E7-9930-3725590CED11}"
EndProject
Project("{8BC9CEB8-8B4A-11D0-8D11-00A0C91BC942}") = "RequestAADRefreshTokenCpp", "RequestAADRefreshTokenCpp\RequestAADRefreshTokenCpp.vcxproj", "{E66AB873-6D5D-4C74-A86D-C67CA24DD149}"
EndProject
Global
	GlobalSection(SolutionConfigurationPlatforms) = preSolution
		Debug|Any CPU = Debug|Any CPU
		Debug|x64 = Debug|x64
		Debug|x86 = Debug|x86
		Release|Any CPU = Release|Any CPU
		Release|x64 = Release|x64
		Release|x86 = Release|x86
	EndGlobalSection
	GlobalSection(ProjectConfigurationPlatforms) = postSolution
		{1605B444-9D6C-44E7-9930-3725590CED11}.Debug|Any CPU.ActiveCfg = Debug|Any CPU
		{1605B444-9D6C-44E7-9930-3725590CED11}.Debug|Any CPU.Build.0 = Debug|Any CPU
		{1605B444-9D6C-44E7-9930-3725590CED11}.Debug|x64.ActiveCfg = Debug|Any CPU
		{1605B444-9D6C-44E7-9930-3725590CED11}.Debug|x64.Build.0 = Debug|Any CPU
		{1605B444-9D6C-44E7-9930-3725590CED11}.Debug|x86.ActiveCfg = Debug|Any CPU
		{1605B444-9D6C-44E7-9930-3725590CED11}.Debug|x86.Build.0 = Debug|Any CPU
		{1605B444-9D6C-44E7-9930-3725590CED11}.Release|Any CPU.ActiveCfg = Release|Any CPU
		{1605B444-9D6C-44E7-9930-3725590CED11}.Release|Any CPU.Build.0 = Release|Any CPU
		{1605B444-9D6C-44E7-9930-3725590CED11}.Release|x64.ActiveCfg = Release|Any CPU
		{1605B444-9D6C-44E7-9930-3725590CED11}.Release|x64.Build.0 = Release|Any CPU
		{1605B444-9D6C-44E7-9930-3725590CED11}.Release|x86.ActiveCfg = Release|Any CPU
		{1605B444-9D6C-44E7-9930-3725590CED11}.Release|x86.Build.0 = Release|Any CPU
		{E66AB873-6D5D-4C74-A86D-C67CA24DD149}.Debug|Any CPU.ActiveCfg = Debug|Win32
		{E66AB873-6D5D-4C74-A86D-C67CA24DD149}.Debug|x64.ActiveCfg = Debug|x64
		{E66AB873-6D5D-4C74-A86D-C67CA24DD149}.Debug|x64.Build.0 = Debug|x64
		{E66AB873-6D5D-4C74-A86D-C67CA24DD149}.Debug|x86.ActiveCfg = Debug|Win32
		{E66AB873-6D5D-4C74-A86D-C67CA24DD149}.Debug|x86.Build.0 = Debug|Win32
		{E66AB873-6D5D-4C74-A86D-C67CA24DD149}.Release|Any CPU.ActiveCfg = Release|Win32
		{E66AB873-6D5D-4C74-A86D-C67CA24DD149}.Release|x64.ActiveCfg = Release|x64
		{E66AB873-6D5D-4C74-A86D-C67CA24DD149}.Release|x64.Build.0 = Release|x64
		{E66AB873-6D5D-4C74-A86D-C67CA24DD149}.Release|x86.ActiveCfg = Release|Win32
		{E66AB873-6D5D-4C74-A86D-C67CA24DD149}.Release|x86.Build.0 = Release|Win32
	EndGlobalSection
	GlobalSection(SolutionProperties) = preSolution
		HideSolutionNode = FALSE
	EndGlobalSection
	GlobalSection(ExtensibilityGlobals) = postSolution
		SolutionGuid = {0FC70A0A-F8A7-4C69-85D4-59CF7B9110AB}
	EndGlobalSection
EndGlobal
